
Microsoft Visual Studio Solution File, Format Version 12.00
# Visual Studio 14
VisualStudioVersion = 14.0.23107.0
MinimumVisualStudioVersion = 10.0.40219.1
Project("{FAE04EC0-301F-11D3-BF4B-00C04F79EFBC}") = "UUToolbox", "UUToolbox\UUToolbox.csproj", "{BC2E464C-9ABE-44D1-BF02-B06D6B168F13}"
EndProject
Project("{FAE04EC0-301F-11D3-BF4B-00C04F79EFBC}") = "UUToolbox.Tests", "UUToolbox.Tests\UUToolbox.Tests.csproj", "{8826537A-E4EB-4D2A-85A1-1A9D5180F38F}"
EndProject
Project("{2150E333-8FDC-42A3-9474-1A3956D46DE8}") = "Solution Items", "Solution Items", "{75918229-D4DB-4C10-A1A8-B7F46B670779}"
	ProjectSection(SolutionItems) = preProject
		README.md = README.md
	EndProjectSection
EndProject
Global
	GlobalSection(SolutionConfigurationPlatforms) = preSolution
		Debug|Any CPU = Debug|Any CPU
		Release|Any CPU = Release|Any CPU
	EndGlobalSection
	GlobalSection(ProjectConfigurationPlatforms) = postSolution
		{BC2E464C-9ABE-44D1-BF02-B06D6B168F13}.Debug|Any CPU.ActiveCfg = Debug|Any CPU
		{BC2E464C-9ABE-44D1-BF02-B06D6B168F13}.Debug|Any CPU.Build.0 = Debug|Any CPU
		{BC2E464C-9ABE-44D1-BF02-B06D6B168F13}.Release|Any CPU.ActiveCfg = Release|Any CPU
		{BC2E464C-9ABE-44D1-BF02-B06D6B168F13}.Release|Any CPU.Build.0 = Release|Any CPU
		{8826537A-E4EB-4D2A-85A1-1A9D5180F38F}.Debug|Any CPU.ActiveCfg = Debug|Any CPU
		{8826537A-E4EB-4D2A-85A1-1A9D5180F38F}.Debug|Any CPU.Build.0 = Debug|Any CPU
		{8826537A-E4EB-4D2A-85A1-1A9D5180F38F}.Release|Any CPU.ActiveCfg = Release|Any CPU
		{8826537A-E4EB-4D2A-85A1-1A9D5180F38F}.Release|Any CPU.Build.0 = Release|Any CPU
	EndGlobalSection
	GlobalSection(SolutionProperties) = preSolution
		HideSolutionNode = FALSE
	EndGlobalSection
EndGlobal
